
Microsoft Visual Studio Solution File, Format Version 12.00
# Visual Studio Version 17
VisualStudioVersion = 17.14.36301.6 d17.14
MinimumVisualStudioVersion = 10.0.40219.1
Project("{FAE04EC0-301F-11D3-BF4B-00C04F79EFBC}") = "IMDBMovieAPI", "IMDBMovieAPI\IMDBMovieAPI.csproj", "{E6D6A627-08FB-4855-933B-2600F1D81D57}"
EndProject
Global
	GlobalSection(SolutionConfigurationPlatforms) = preSolution
		Debug|Any CPU = Debug|Any CPU
		Release|Any CPU = Release|Any CPU
	EndGlobalSection
	GlobalSection(ProjectConfigurationPlatforms) = postSolution
		{E6D6A627-08FB-4855-933B-2600F1D81D57}.Debug|Any CPU.ActiveCfg = Debug|Any CPU
		{E6D6A627-08FB-4855-933B-2600F1D81D57}.Debug|Any CPU.Build.0 = Debug|Any CPU
		{E6D6A627-08FB-4855-933B-2600F1D81D57}.Release|Any CPU.ActiveCfg = Release|Any CPU
		{E6D6A627-08FB-4855-933B-2600F1D81D57}.Release|Any CPU.Build.0 = Release|Any CPU
	EndGlobalSection
	GlobalSection(SolutionProperties) = preSolution
		HideSolutionNode = FALSE
	EndGlobalSection
	GlobalSection(ExtensibilityGlobals) = postSolution
		SolutionGuid = {4E57E808-E165-4C23-B3C5-34F9FB8D879E}
	EndGlobalSection
EndGlobal
